
Microsoft Visual Studio Solution File, Format Version 12.00
# Visual Studio Version 17
VisualStudioVersion = 17.3.32929.385
MinimumVisualStudioVersion = 10.0.40219.1
Project("{9A19103F-16F7-4668-BE54-9A1E7A4F7556}") = "BlazorAuthApp.Server", "BlazorAuthApp\Server\BlazorAuthApp.Server.csproj", "{EABE4C4E-1188-4AA2-A2DF-01CFA4E26F1D}"
EndProject
Project("{9A19103F-16F7-4668-BE54-9A1E7A4F7556}") = "BlazorAuthApp.Client", "BlazorAuthApp\Client\BlazorAuthApp.Client.csproj", "{06C60FDD-99FE-4DAC-A18E-7D453B98D359}"
EndProject
Project("{9A19103F-16F7-4668-BE54-9A1E7A4F7556}") = "BlazorAuthApp.Shared", "BlazorAuthApp\Shared\BlazorAuthApp.Shared.csproj", "{CFAF5D66-649A-4FDD-B90C-03BC6522474B}"
EndProject
Global
	GlobalSection(SolutionConfigurationPlatforms) = preSolution
		Debug|Any CPU = Debug|Any CPU
		Release|Any CPU = Release|Any CPU
	EndGlobalSection
	GlobalSection(ProjectConfigurationPlatforms) = postSolution
		{EABE4C4E-1188-4AA2-A2DF-01CFA4E26F1D}.Debug|Any CPU.ActiveCfg = Debug|Any CPU
		{EABE4C4E-1188-4AA2-A2DF-01CFA4E26F1D}.Debug|Any CPU.Build.0 = Debug|Any CPU
		{EABE4C4E-1188-4AA2-A2DF-01CFA4E26F1D}.Release|Any CPU.ActiveCfg = Release|Any CPU
		{EABE4C4E-1188-4AA2-A2DF-01CFA4E26F1D}.Release|Any CPU.Build.0 = Release|Any CPU
		{06C60FDD-99FE-4DAC-A18E-7D453B98D359}.Debug|Any CPU.ActiveCfg = Debug|Any CPU
		{06C60FDD-99FE-4DAC-A18E-7D453B98D359}.Debug|Any CPU.Build.0 = Debug|Any CPU
		{06C60FDD-99FE-4DAC-A18E-7D453B98D359}.Release|Any CPU.ActiveCfg = Release|Any CPU
		{06C60FDD-99FE-4DAC-A18E-7D453B98D359}.Release|Any CPU.Build.0 = Release|Any CPU
		{CFAF5D66-649A-4FDD-B90C-03BC6522474B}.Debug|Any CPU.ActiveCfg = Debug|Any CPU
		{CFAF5D66-649A-4FDD-B90C-03BC6522474B}.Debug|Any CPU.Build.0 = Debug|Any CPU
		{CFAF5D66-649A-4FDD-B90C-03BC6522474B}.Release|Any CPU.ActiveCfg = Release|Any CPU
		{CFAF5D66-649A-4FDD-B90C-03BC6522474B}.Release|Any CPU.Build.0 = Release|Any CPU
	EndGlobalSection
	GlobalSection(SolutionProperties) = preSolution
		HideSolutionNode = FALSE
	EndGlobalSection
	GlobalSection(ExtensibilityGlobals) = postSolution
		SolutionGuid = {6841503A-1814-440C-B5E0-A598B7B0DE9A}
	EndGlobalSection
EndGlobal
